// !$*UTF8*$!
{
	archiveVersion = 1;
	classes = {
	};
	objectVersion = 46;
	objects = {

/* Begin PBXBuildFile section */
		2C1B42551D06E470002FBD9A /* main.cpp in Sources */ = {isa = PBXBuildFile; fileRef = 2C1B42541D06E470002FBD9A /* main.cpp */; };
		2C1B425D1D06E497002FBD9A /* TestIterator.cpp in Sources */ = {isa = PBXBuildFile; fileRef = 2C1B425B1D06E497002FBD9A /* TestIterator.cpp */; };
/* End PBXBuildFile section */

/* Begin PBXCopyFilesBuildPhase section */
		2C1B424F1D06E46F002FBD9A /* CopyFiles */ = {
			isa = PBXCopyFilesBuildPhase;
			buildActionMask = 2147483647;
			dstPath = /usr/share/man/man1/;
			dstSubfolderSpec = 0;
			files = (
			);
			runOnlyForDeploymentPostprocessing = 1;
		};
/* End PBXCopyFilesBuildPhase section */

/* Begin PBXFileReference section */
		2C1B42511D06E46F002FBD9A /* MyIteratorPractice */ = {isa = PBXFileReference; explicitFileType = "compiled.mach-o.executable"; includeInIndex = 0; path = MyIteratorPractice; sourceTree = BUILT_PRODUCTS_DIR; };
		2C1B42541D06E470002FBD9A /* main.cpp */ = {isa = PBXFileReference; lastKnownFileType = sourcecode.cpp.cpp; path = main.cpp; sourceTree = "<group>"; };
		2C1B425B1D06E497002FBD9A /* TestIterator.cpp */ = {isa = PBXFileReference; fileEncoding = 4; lastKnownFileType = sourcecode.cpp.cpp; path = TestIterator.cpp; sourceTree = "<group>"; };
		2C1B425C1D06E497002FBD9A /* TestIterator.hpp */ = {isa = PBXFileReference; fileEncoding = 4; lastKnownFileType = sourcecode.cpp.h; path = TestIterator.hpp; sourceTree = "<group>"; };
/* End PBXFileReference section */

/* Begin PBXFrameworksBuildPhase section */
		2C1B424E1D06E46F002FBD9A /* Frameworks */ = {
			isa = PBXFrameworksBuildPhase;
			buildActionMask = 2147483647;
			files = (
			);
			runOnlyForDeploymentPostprocessing = 0;
		};
/* End PBXFrameworksBuildPhase section */

/* Begin PBXGroup section */
		2C1B42481D06E46F002FBD9A = {
			isa = PBXGroup;
			children = (
				2C1B42531D06E46F002FBD9A /* MyIteratorPractice */,
				2C1B42521D06E46F002FBD9A /* Products */,
			);
			sourceTree = "<group>";
		};
		2C1B42521D06E46F002FBD9A /* Products */ = {
			isa = PBXGroup;
			children = (
				2C1B42511D06E46F002FBD9A /* MyIteratorPractice */,
			);
			name = Products;
			sourceTree = "<group>";
		};
		2C1B42531D06E46F002FBD9A /* MyIteratorPractice */ = {
			isa = PBXGroup;
			children = (
				2C1B42541D06E470002FBD9A /* main.cpp */,
				2C1B425B1D06E497002FBD9A /* TestIterator.cpp */,
				2C1B425C1D06E497002FBD9A /* TestIterator.hpp */,
			);
			path = MyIteratorPractice;
			sourceTree = "<group>";
		};
/* End PBXGroup section */

/* Begin PBXNativeTarget section */
		2C1B42501D06E46F002FBD9A /* MyIteratorPractice */ = {
			isa = PBXNativeTarget;
			buildConfigurationList = 2C1B42581D06E470002FBD9A /* Build configuration list for PBXNativeTarget "MyIteratorPractice" */;
			buildPhases = (
				2C1B424D1D06E46F002FBD9A /* Sources */,
				2C1B424E1D06E46F002FBD9A /* Frameworks */,
				2C1B424F1D06E46F002FBD9A /* CopyFiles */,
			);
			buildRules = (
			);
			dependencies = (
			);
			name = MyIteratorPractice;
			productName = MyIteratorPractice;
			productReference = 2C1B42511D06E46F002FBD9A /* MyIteratorPractice */;
			productType = "com.apple.product-type.tool";
		};
/* End PBXNativeTarget section */

/* Begin PBXProject section */
		2C1B42491D06E46F002FBD9A /* Project object */ = {
			isa = PBXProject;
			attributes = {
				LastUpgradeCheck = 0710;
				ORGANIZATIONNAME = BaronCyrus;
				TargetAttributes = {
					2C1B42501D06E46F002FBD9A = {
						CreatedOnToolsVersion = 7.1;
					};
				};
			};
			buildConfigurationList = 2C1B424C1D06E46F002FBD9A /* Build configuration list for PBXProject "MyIteratorPractice" */;
			compatibilityVersion = "Xcode 3.2";
			developmentRegion = English;
			hasScannedForEncodings = 0;
			knownRegions = (
				en,
			);
			mainGroup = 2C1B42481D06E46F002FBD9A;
			productRefGroup = 2C1B42521D06E46F002FBD9A /* Products */;
			projectDirPath = "";
			projectRoot = "";
			targets = (
				2C1B42501D06E46F002FBD9A /* MyIteratorPractice */,
			);
		};
/* End PBXProject section */

/* Begin PBXSourcesBuildPhase section */
		2C1B424D1D06E46F002FBD9A /* Sources */ = {
			isa = PBXSourcesBuildPhase;
			buildActionMask = 2147483647;
			files = (
				2C1B42551D06E470002FBD9A /* main.cpp in Sources */,
				2C1B425D1D06E497002FBD9A /* TestIterator.cpp in Sources */,
			);
			runOnlyForDeploymentPostprocessing = 0;
		};
/* End PBXSourcesBuildPhase section */

/* Begin XCBuildConfiguration section */
		2C1B42561D06E470002FBD9A /* Debug */ = {
			isa = XCBuildConfiguration;
			buildSettings = {
				ALWAYS_SEARCH_USER_PATHS = NO;
				CLANG_CXX_LANGUAGE_STANDARD = "gnu++0x";
				CLANG_CXX_LIBRARY = "libc++";
				CLANG_ENABLE_MODULES = YES;
				CLANG_ENABLE_OBJC_ARC = YES;
				CLANG_WARN_BOOL_CONVERSION = YES;
				CLANG_WARN_CONSTANT_CONVERSION = YES;
				CLANG_WARN_DIRECT_OBJC_ISA_USAGE = YES_ERROR;
				CLANG_WARN_EMPTY_BODY = YES;
				CLANG_WARN_ENUM_CONVERSION = YES;
				CLANG_WARN_INT_CONVERSION = YES;
				CLANG_WARN_OBJC_ROOT_CLASS = YES_ERROR;
				CLANG_WARN_UNREACHABLE_CODE = YES;
				CLANG_WARN__DUPLICATE_METHOD_MATCH = YES;
				CODE_SIGN_IDENTITY = "-";
				COPY_PHASE_STRIP = NO;
				DEBUG_INFORMATION_FORMAT = dwarf;
				ENABLE_STRICT_OBJC_MSGSEND = YES;
				ENABLE_TESTABILITY = YES;
				GCC_C_LANGUAGE_STANDARD = gnu99;
				GCC_DYNAMIC_NO_PIC = NO;
				GCC_NO_COMMON_BLOCKS = YES;
				GCC_OPTIMIZATION_LEVEL = 0;
				GCC_PREPROCESSOR_DEFINITIONS = (
					"DEBUG=1",
					"$(inherited)",
				);
				GCC_WARN_64_TO_32_BIT_CONVERSION = YES;
				GCC_WARN_ABOUT_RETURN_TYPE = YES_ERROR;
				GCC_WARN_UNDECLARED_SELECTOR = YES;
				GCC_WARN_UNINITIALIZED_AUTOS = YES_AGGRESSIVE;
				GCC_WARN_UNUSED_FUNCTION = YES;
				GCC_WARN_UNUSED_VARIABLE = YES;
				MACOSX_DEPLOYMENT_TARGET = 10.10;
				MTL_ENABLE_DEBUG_INFO = YES;
				ONLY_ACTIVE_ARCH = YES;
				SDKROOT = macosx;
			};
			name = Debug;
		};
		2C1B42571D06E470002FBD9A /* Release */ = {
			isa = XCBuildConfiguration;
			buildSettings = {
				ALWAYS_SEARCH_USER_PATHS = NO;
				CLANG_CXX_LANGUAGE_STANDARD = "gnu++0x";
				CLANG_CXX_LIBRARY = "libc++";
				CLANG_ENABLE_MODULES = YES;
				CLANG_ENABLE_OBJC_ARC = YES;
				CLANG_WARN_BOOL_CONVERSION = YES;
				CLANG_WARN_CONSTANT_CONVERSION = YES;
				CLANG_WARN_DIRECT_OBJC_ISA_USAGE = YES_ERROR;
				CLANG_WARN_EMPTY_BODY = YES;
				CLANG_WARN_ENUM_CONVERSION = YES;
				CLANG_WARN_INT_CONVERSION = YES;
				CLANG_WARN_OBJC_ROOT_CLASS = YES_ERROR;
				CLANG_WARN_UNREACHABLE_CODE = YES;
				CLANG_WARN__DUPLICATE_METHOD_MATCH = YES;
				CODE_SIGN_IDENTITY = "-";
				COPY_PHASE_STRIP = NO;
				DEBUG_INFORMATION_FORMAT = "dwarf-with-dsym";
				ENABLE_NS_ASSERTIONS = NO;
				ENABLE_STRICT_OBJC_MSGSEND = YES;
				GCC_C_LANGUAGE_STANDARD = gnu99;
				GCC_NO_COMMON_BLOCKS = YES;
				GCC_WARN_64_TO_32_BIT_CONVERSION = YES;
				GCC_WARN_ABOUT_RETURN_TYPE = YES_ERROR;
				GCC_WARN_UNDECLARED_SELECTOR = YES;
				GCC_WARN_UNINITIALIZED_AUTOS = YES_AGGRESSIVE;
				GCC_WARN_UNUSED_FUNCTION = YES;
				GCC_WARN_UNUSED_VARIABLE = YES;
				MACOSX_DEPLOYMENT_TARGET = 10.10;
				MTL_ENABLE_DEBUG_INFO = NO;
				SDKROOT = macosx;
			};
			name = Release;
		};
		2C1B42591D06E470002FBD9A /* Debug */ = {
			isa = XCBuildConfiguration;
			buildSettings = {
				PRODUCT_NAME = "$(TARGET_NAME)";
			};
			name = Debug;
		};
		2C1B425A1D06E470002FBD9A /* Release */ = {
			isa = XCBuildConfiguration;
			buildSettings = {
				PRODUCT_NAME = "$(TARGET_NAME)";
			};
			name = Release;
		};
/* End XCBuildConfiguration section */

/* Begin XCConfigurationList section */
		2C1B424C1D06E46F002FBD9A /* Build configuration list for PBXProject "MyIteratorPractice" */ = {
			isa = XCConfigurationList;
			buildConfigurations = (
				2C1B42561D06E470002FBD9A /* Debug */,
				2C1B42571D06E470002FBD9A /* Release */,
			);
			defaultConfigurationIsVisible = 0;
			defaultConfigurationName = Release;
		};
		2C1B42581D06E470002FBD9A /* Build configuration list for PBXNativeTarget "MyIteratorPractice" */ = {
			isa = XCConfigurationList;
			buildConfigurations = (
				2C1B42591D06E470002FBD9A /* Debug */,
				2C1B425A1D06E470002FBD9A /* Release */,
			);
			defaultConfigurationIsVisible = 0;
		};
/* End XCConfigurationList section */
	};
	rootObject = 2C1B42491D06E46F002FBD9A /* Project object */;
}
